
Microsoft Visual Studio Solution File, Format Version 12.00
# Visual Studio Version 17
VisualStudioVersion = 17.4.33213.308
MinimumVisualStudioVersion = 10.0.40219.1
Project("{FAE04EC0-301F-11D3-BF4B-00C04F79EFBC}") = "Vehicles", "Vehicles.csproj", "{FFD457F4-C2A3-44AA-966D-1E00BED9A1A3}"
EndProject
Global
	GlobalSection(SolutionConfigurationPlatforms) = preSolution
		Debug|Any CPU = Debug|Any CPU
		Release|Any CPU = Release|Any CPU
	EndGlobalSection
	GlobalSection(ProjectConfigurationPlatforms) = postSolution
		{FFD457F4-C2A3-44AA-966D-1E00BED9A1A3}.Debug|Any CPU.ActiveCfg = Debug|Any CPU
		{FFD457F4-C2A3-44AA-966D-1E00BED9A1A3}.Debug|Any CPU.Build.0 = Debug|Any CPU
		{FFD457F4-C2A3-44AA-966D-1E00BED9A1A3}.Release|Any CPU.ActiveCfg = Release|Any CPU
		{FFD457F4-C2A3-44AA-966D-1E00BED9A1A3}.Release|Any CPU.Build.0 = Release|Any CPU
	EndGlobalSection
	GlobalSection(SolutionProperties) = preSolution
		HideSolutionNode = FALSE
	EndGlobalSection
	GlobalSection(ExtensibilityGlobals) = postSolution
		SolutionGuid = {6495B50B-9755-40A9-9EB8-8A80447B6C8C}
	EndGlobalSection
EndGlobal
